# THIS IS AN AUTOGENERATED FILE. DO NOT EDIT THIS FILE DIRECTLY.
# yarn lockfile v1


"@types/node@^7.0.5":
  version "7.10.5"
  resolved "https://registry.yarnpkg.com/@types/node/-/node-7.10.5.tgz#6831006b2c87441d69e79b37ae9bc03246dfb379"
  integrity sha512-RYkagUUbxQBss46ElbEa+j4q4X3GR12QwB7a/PM5hmVuVkYoW1jENT1+taspKUv8ibwW8cw+kRFbOaTc/Key3w==

broadlinkjs-rm@^0.6.0:
  version "0.6.0"
  resolved "https://registry.yarnpkg.com/broadlinkjs-rm/-/broadlinkjs-rm-0.6.0.tgz#f173b87b8641657fcd830af368419da90f16bf7c"
  integrity sha512-1Qc7mvFYF1q+OzmnrFb2DlV7PZvNrV8Z8hL4WaxCap+FxsHROZ9m0hhqYuS3dh2fozjBf+ci3Va+QCmm7LOXcw==
  dependencies:
    "@types/node" "^7.0.5"

commander@^2.19.0:
  version "2.19.0"
  resolved "https://registry.yarnpkg.com/commander/-/commander-2.19.0.tgz#f6198aa84e5b83c46054b94ddedbfed5ee9ff12a"
  integrity sha512-6tvAOO+D6OENvRAh524Dh9jcfKTYDQAqvqezbCW82xj5X0pSrcpxtvRKHLG0yBY6SD7PSDrJaj+0AiOcKVd1Xg==

debug@^2.2.0:
  version "2.6.9"
  resolved "https://registry.yarnpkg.com/debug/-/debug-2.6.9.tgz#5d128515df134ff327e90a4c93f4e077a536341f"
  integrity sha512-bC7ElrdJaJnPbAP+1EotYvqZsb3ecl5wi6Bfi6BJTUcNowp6cvspg0jXznRTKDjm/E7AdgFBVeAPVMNcKGsHMA==
  dependencies:
    ms "2.0.0"

dotenv@^6.0.0:
  version "6.2.0"
  resolved "https://registry.yarnpkg.com/dotenv/-/dotenv-6.2.0.tgz#941c0410535d942c8becf28d3f357dbd9d476064"
  integrity sha512-HygQCKUBSFl8wKQZBSemMywRWcEDNidvNbjGVyZu3nbZ8qq9ubiPoGLMdRDpfSrpkkm9BXYFkpKxxFX38o/76w==

is-typedarray@^1.0.0:
  version "1.0.0"
  resolved "https://registry.yarnpkg.com/is-typedarray/-/is-typedarray-1.0.0.tgz#e479c80858df0c1b11ddda6940f96011fcda4a9a"
  integrity sha1-5HnICFjfDBsR3dppQPlgEfzaSpo=

lodash.castarray@^4.4.0:
  version "4.4.0"
  resolved "https://registry.yarnpkg.com/lodash.castarray/-/lodash.castarray-4.4.0.tgz#c02513515e309daddd4c24c60cfddcf5976d9115"
  integrity sha1-wCUTUV4wna3dTCTGDP3c9ZdtkRU=

lodash.defaultto@^4.14.0:
  version "4.14.0"
  resolved "https://registry.yarnpkg.com/lodash.defaultto/-/lodash.defaultto-4.14.0.tgz#38bd3d425acee733e0e2bbbd4e4b29711cc2ee11"
  integrity sha1-OL09QlrO5zPg4ru9TkspcRzC7hE=

lodash.groupby@^4.6.0:
  version "4.6.0"
  resolved "https://registry.yarnpkg.com/lodash.groupby/-/lodash.groupby-4.6.0.tgz#0b08a1dcf68397c397855c3239783832df7403d1"
  integrity sha1-Cwih3PaDl8OXhVwyOXg4Mt90A9E=

lodash.isequal@^4.5.0:
  version "4.5.0"
  resolved "https://registry.yarnpkg.com/lodash.isequal/-/lodash.isequal-4.5.0.tgz#415c4478f2bcc30120c22ce10ed3226f7d3e18e0"
  integrity sha1-QVxEePK8wwEgwizhDtMib30+GOA=

loglevel@^1.6.1:
  version "1.6.1"
  resolved "https://registry.yarnpkg.com/loglevel/-/loglevel-1.6.1.tgz#e0fc95133b6ef276cdc8887cdaf24aa6f156f8fa"
  integrity sha1-4PyVEztu8nbNyIh82vJKpvFW+Po=

ms@2.0.0:
  version "2.0.0"
  resolved "https://registry.yarnpkg.com/ms/-/ms-2.0.0.tgz#5608aeadfc00be6c2901df5f9861788de0d597c8"
  integrity sha1-VgiurfwAvmwpAd9fmGF4jeDVl8g=

nan@^2.11.0:
  version "2.13.1"
  resolved "https://registry.yarnpkg.com/nan/-/nan-2.13.1.tgz#a15bee3790bde247e8f38f1d446edcdaeb05f2dd"
  integrity sha512-I6YB/YEuDeUZMmhscXKxGgZlFnhsn5y0hgOZBadkzfTRrZBtJDZeg6eQf7PYMIEclwmorTKK8GztsyOUSVBREA==

ping@^0.2.2:
  version "0.2.2"
  resolved "https://registry.yarnpkg.com/ping/-/ping-0.2.2.tgz#180fb7508c1dc74793849bce35c8073f9965bce2"
  integrity sha1-GA+3UIwdx0eThJvONcgHP5llvOI=
  dependencies:
    q "1.x"
    underscore "^1.8.3"

q@1.x:
  version "1.5.1"
  resolved "https://registry.yarnpkg.com/q/-/q-1.5.1.tgz#7e32f75b41381291d04611f1bf14109ac00651d7"
  integrity sha1-fjL3W0E4EpHQRhHxvxQQmsAGUdc=

tplink-smarthome-api@^1.2.0:
  version "1.2.0"
  resolved "https://registry.yarnpkg.com/tplink-smarthome-api/-/tplink-smarthome-api-1.2.0.tgz#fffe2badbd346236c4f048ff068cdc10d8fcc893"
  integrity sha512-OcZsT+fLqlydSTFc/5WHfBmpDstlS4uXEVpj4/TyVZf9L0z4hy1r2E5eTl/nBvriKxUQ6efAu+BlxWZcJO3xzA==
  dependencies:
    commander "^2.19.0"
    lodash.castarray "^4.4.0"
    lodash.defaultto "^4.14.0"
    lodash.groupby "^4.6.0"
    lodash.isequal "^4.5.0"
    loglevel "^1.6.1"
    tplink-smarthome-crypto "^1.0.0"

tplink-smarthome-crypto@^1.0.0:
  version "1.0.0"
  resolved "https://registry.yarnpkg.com/tplink-smarthome-crypto/-/tplink-smarthome-crypto-1.0.0.tgz#8bfe8036ce4310d81b626e72fef12059f5182ded"
  integrity sha512-ZHtQscQ6psEGDVnN5C8OtNgVK/L4H5l5GoFTA2L0qn2UtjcHbGn2aA3caxvrpRUvPiYd7yBXsQKoywv9XxKDhA==

typedarray-to-buffer@^3.1.5:
  version "3.1.5"
  resolved "https://registry.yarnpkg.com/typedarray-to-buffer/-/typedarray-to-buffer-3.1.5.tgz#a97ee7a9ff42691b9f783ff1bc5112fe3fca9080"
  integrity sha512-zdu8XMNEDepKKR+XYOXAVPtWui0ly0NtohUscw+UmaHiAWT8hrV1rr//H6V+0DvJ3OQ19S979M0laLfX8rm82Q==
  dependencies:
    is-typedarray "^1.0.0"

underscore@^1.8.3:
  version "1.9.1"
  resolved "https://registry.yarnpkg.com/underscore/-/underscore-1.9.1.tgz#06dce34a0e68a7babc29b365b8e74b8925203961"
  integrity sha512-5/4etnCkd9c8gwgowi5/om/mYO5ajCaOgdzj/oW+0eQV9WxKBDZw5+ycmKmeaTXjInS/W0BzpGLo2xR2aBwZdg==

websocket@~1.0.26:
  version "1.0.28"
  resolved "https://registry.yarnpkg.com/websocket/-/websocket-1.0.28.tgz#9e5f6fdc8a3fe01d4422647ef93abdd8d45a78d3"
  integrity sha512-00y/20/80P7H4bCYkzuuvvfDvh+dgtXi5kzDf3UcZwN6boTYaKvsrtZ5lIYm1Gsg48siMErd9M4zjSYfYFHTrA==
  dependencies:
    debug "^2.2.0"
    nan "^2.11.0"
    typedarray-to-buffer "^3.1.5"
    yaeti "^0.0.6"

yaeti@^0.0.6:
  version "0.0.6"
  resolved "https://registry.yarnpkg.com/yaeti/-/yaeti-0.0.6.tgz#f26f484d72684cf42bedfb76970aa1608fbf9577"
  integrity sha1-8m9ITXJoTPQr7ft2lwqhYI+/lXc=
